
Microsoft Visual Studio Solution File, Format Version 12.00
# Visual Studio Version 17
VisualStudioVersion = 17.8.34322.80
MinimumVisualStudioVersion = 10.0.40219.1
Project("{FAE04EC0-301F-11D3-BF4B-00C04F79EFBC}") = "BankApplication", "BankApplication\BankApplication.csproj", "{CA4D9FC1-6746-4F48-9944-268DB335BF63}"
EndProject
Global
	GlobalSection(SolutionConfigurationPlatforms) = preSolution
		Debug|Any CPU = Debug|Any CPU
		Release|Any CPU = Release|Any CPU
	EndGlobalSection
	GlobalSection(ProjectConfigurationPlatforms) = postSolution
		{CA4D9FC1-6746-4F48-9944-268DB335BF63}.Debug|Any CPU.ActiveCfg = Debug|Any CPU
		{CA4D9FC1-6746-4F48-9944-268DB335BF63}.Debug|Any CPU.Build.0 = Debug|Any CPU
		{CA4D9FC1-6746-4F48-9944-268DB335BF63}.Release|Any CPU.ActiveCfg = Release|Any CPU
		{CA4D9FC1-6746-4F48-9944-268DB335BF63}.Release|Any CPU.Build.0 = Release|Any CPU
	EndGlobalSection
	GlobalSection(SolutionProperties) = preSolution
		HideSolutionNode = FALSE
	EndGlobalSection
	GlobalSection(ExtensibilityGlobals) = postSolution
		SolutionGuid = {15DC5645-6BB4-41F5-8EB9-5CC4A6AD6189}
	EndGlobalSection
EndGlobal
